
Microsoft Visual Studio Solution File, Format Version 12.00
# Visual Studio Version 17
VisualStudioVersion = 17.1.32414.318
MinimumVisualStudioVersion = 10.0.40219.1
Project("{FAE04EC0-301F-11D3-BF4B-00C04F79EFBC}") = "5.2_Metotlar_Dondurulen", "5.2_Metotlar_Dondurulen\5.2_Metotlar_Dondurulen.csproj", "{69EB8B20-9477-4040-A484-5AA1B814527B}"
EndProject
Global
	GlobalSection(SolutionConfigurationPlatforms) = preSolution
		Debug|Any CPU = Debug|Any CPU
		Release|Any CPU = Release|Any CPU
	EndGlobalSection
	GlobalSection(ProjectConfigurationPlatforms) = postSolution
		{69EB8B20-9477-4040-A484-5AA1B814527B}.Debug|Any CPU.ActiveCfg = Debug|Any CPU
		{69EB8B20-9477-4040-A484-5AA1B814527B}.Debug|Any CPU.Build.0 = Debug|Any CPU
		{69EB8B20-9477-4040-A484-5AA1B814527B}.Release|Any CPU.ActiveCfg = Release|Any CPU
		{69EB8B20-9477-4040-A484-5AA1B814527B}.Release|Any CPU.Build.0 = Release|Any CPU
	EndGlobalSection
	GlobalSection(SolutionProperties) = preSolution
		HideSolutionNode = FALSE
	EndGlobalSection
	GlobalSection(ExtensibilityGlobals) = postSolution
		SolutionGuid = {C76C5869-4DB8-4C78-8968-460E05C50DD0}
	EndGlobalSection
EndGlobal
