
Microsoft Visual Studio Solution File, Format Version 12.00
# Visual Studio Version 17
VisualStudioVersion = 17.1.32414.318
MinimumVisualStudioVersion = 10.0.40219.1
Project("{FAE04EC0-301F-11D3-BF4B-00C04F79EFBC}") = "3.1_Donguler_FOR", "3.1_Donguler_FOR\3.1_Donguler_FOR.csproj", "{01E44B28-CDB1-4D5F-B243-DE25CEC165C8}"
EndProject
Global
	GlobalSection(SolutionConfigurationPlatforms) = preSolution
		Debug|Any CPU = Debug|Any CPU
		Release|Any CPU = Release|Any CPU
	EndGlobalSection
	GlobalSection(ProjectConfigurationPlatforms) = postSolution
		{01E44B28-CDB1-4D5F-B243-DE25CEC165C8}.Debug|Any CPU.ActiveCfg = Debug|Any CPU
		{01E44B28-CDB1-4D5F-B243-DE25CEC165C8}.Debug|Any CPU.Build.0 = Debug|Any CPU
		{01E44B28-CDB1-4D5F-B243-DE25CEC165C8}.Release|Any CPU.ActiveCfg = Release|Any CPU
		{01E44B28-CDB1-4D5F-B243-DE25CEC165C8}.Release|Any CPU.Build.0 = Release|Any CPU
	EndGlobalSection
	GlobalSection(SolutionProperties) = preSolution
		HideSolutionNode = FALSE
	EndGlobalSection
	GlobalSection(ExtensibilityGlobals) = postSolution
		SolutionGuid = {F1545AFE-9A79-47FF-ABC8-54D785B5DF8B}
	EndGlobalSection
EndGlobal
