
Microsoft Visual Studio Solution File, Format Version 12.00
# Visual Studio Version 17
VisualStudioVersion = 17.1.32414.318
MinimumVisualStudioVersion = 10.0.40219.1
Project("{FAE04EC0-301F-11D3-BF4B-00C04F79EFBC}") = "3.2_Donguler_FOR-Ornekler", "3.2_Donguler_FOR-Ornekler\3.2_Donguler_FOR-Ornekler.csproj", "{BBFAFC4E-5CF9-4A76-B782-C4C671248CCE}"
EndProject
Global
	GlobalSection(SolutionConfigurationPlatforms) = preSolution
		Debug|Any CPU = Debug|Any CPU
		Release|Any CPU = Release|Any CPU
	EndGlobalSection
	GlobalSection(ProjectConfigurationPlatforms) = postSolution
		{BBFAFC4E-5CF9-4A76-B782-C4C671248CCE}.Debug|Any CPU.ActiveCfg = Debug|Any CPU
		{BBFAFC4E-5CF9-4A76-B782-C4C671248CCE}.Debug|Any CPU.Build.0 = Debug|Any CPU
		{BBFAFC4E-5CF9-4A76-B782-C4C671248CCE}.Release|Any CPU.ActiveCfg = Release|Any CPU
		{BBFAFC4E-5CF9-4A76-B782-C4C671248CCE}.Release|Any CPU.Build.0 = Release|Any CPU
	EndGlobalSection
	GlobalSection(SolutionProperties) = preSolution
		HideSolutionNode = FALSE
	EndGlobalSection
	GlobalSection(ExtensibilityGlobals) = postSolution
		SolutionGuid = {5192C4C2-605A-4C45-8CE3-4563AD8432E6}
	EndGlobalSection
EndGlobal
