
Microsoft Visual Studio Solution File, Format Version 12.00
# Visual Studio Version 17
VisualStudioVersion = 17.2.32602.215
MinimumVisualStudioVersion = 10.0.40219.1
Project("{FAE04EC0-301F-11D3-BF4B-00C04F79EFBC}") = "8.5_MetinBelgesi_Okuma", "8.5_MetinBelgesi_Okuma\8.5_MetinBelgesi_Okuma.csproj", "{6E70E2BB-8AB9-4B39-9759-9A8913DA543D}"
EndProject
Global
	GlobalSection(SolutionConfigurationPlatforms) = preSolution
		Debug|Any CPU = Debug|Any CPU
		Release|Any CPU = Release|Any CPU
	EndGlobalSection
	GlobalSection(ProjectConfigurationPlatforms) = postSolution
		{6E70E2BB-8AB9-4B39-9759-9A8913DA543D}.Debug|Any CPU.ActiveCfg = Debug|Any CPU
		{6E70E2BB-8AB9-4B39-9759-9A8913DA543D}.Debug|Any CPU.Build.0 = Debug|Any CPU
		{6E70E2BB-8AB9-4B39-9759-9A8913DA543D}.Release|Any CPU.ActiveCfg = Release|Any CPU
		{6E70E2BB-8AB9-4B39-9759-9A8913DA543D}.Release|Any CPU.Build.0 = Release|Any CPU
	EndGlobalSection
	GlobalSection(SolutionProperties) = preSolution
		HideSolutionNode = FALSE
	EndGlobalSection
	GlobalSection(ExtensibilityGlobals) = postSolution
		SolutionGuid = {C8242D11-03C9-4640-8368-03EE5CD20D36}
	EndGlobalSection
EndGlobal
