
Microsoft Visual Studio Solution File, Format Version 12.00
# Visual Studio Version 17
VisualStudioVersion = 17.1.32414.318
MinimumVisualStudioVersion = 10.0.40219.1
Project("{FAE04EC0-301F-11D3-BF4B-00C04F79EFBC}") = "5.1_Metotlar_Dondurmeyen", "5.1_Metotlar_Dondurmeyen\5.1_Metotlar_Dondurmeyen.csproj", "{6FB9BAFA-674E-46A6-978A-A03559942D75}"
EndProject
Global
	GlobalSection(SolutionConfigurationPlatforms) = preSolution
		Debug|Any CPU = Debug|Any CPU
		Release|Any CPU = Release|Any CPU
	EndGlobalSection
	GlobalSection(ProjectConfigurationPlatforms) = postSolution
		{6FB9BAFA-674E-46A6-978A-A03559942D75}.Debug|Any CPU.ActiveCfg = Debug|Any CPU
		{6FB9BAFA-674E-46A6-978A-A03559942D75}.Debug|Any CPU.Build.0 = Debug|Any CPU
		{6FB9BAFA-674E-46A6-978A-A03559942D75}.Release|Any CPU.ActiveCfg = Release|Any CPU
		{6FB9BAFA-674E-46A6-978A-A03559942D75}.Release|Any CPU.Build.0 = Release|Any CPU
	EndGlobalSection
	GlobalSection(SolutionProperties) = preSolution
		HideSolutionNode = FALSE
	EndGlobalSection
	GlobalSection(ExtensibilityGlobals) = postSolution
		SolutionGuid = {8793921F-44B1-4E6D-B811-CB2A2D2E5557}
	EndGlobalSection
EndGlobal
