
Microsoft Visual Studio Solution File, Format Version 12.00
# Visual Studio Version 17
VisualStudioVersion = 17.1.32414.318
MinimumVisualStudioVersion = 10.0.40219.1
Project("{FAE04EC0-301F-11D3-BF4B-00C04F79EFBC}") = "2.5_if-else_Ornek(BilgiYarismasi)", "2.5_if-else_Ornek(BilgiYarismasi)\2.5_if-else_Ornek(BilgiYarismasi).csproj", "{23F5CE11-C0C0-47AA-951A-C73120DE0174}"
EndProject
Global
	GlobalSection(SolutionConfigurationPlatforms) = preSolution
		Debug|Any CPU = Debug|Any CPU
		Release|Any CPU = Release|Any CPU
	EndGlobalSection
	GlobalSection(ProjectConfigurationPlatforms) = postSolution
		{23F5CE11-C0C0-47AA-951A-C73120DE0174}.Debug|Any CPU.ActiveCfg = Debug|Any CPU
		{23F5CE11-C0C0-47AA-951A-C73120DE0174}.Debug|Any CPU.Build.0 = Debug|Any CPU
		{23F5CE11-C0C0-47AA-951A-C73120DE0174}.Release|Any CPU.ActiveCfg = Release|Any CPU
		{23F5CE11-C0C0-47AA-951A-C73120DE0174}.Release|Any CPU.Build.0 = Release|Any CPU
	EndGlobalSection
	GlobalSection(SolutionProperties) = preSolution
		HideSolutionNode = FALSE
	EndGlobalSection
	GlobalSection(ExtensibilityGlobals) = postSolution
		SolutionGuid = {877D66C3-5CDE-4CBA-A3EE-C4FDF8F1627F}
	EndGlobalSection
EndGlobal
